
Microsoft Visual Studio Solution File, Format Version 12.00
# Visual Studio 2013
VisualStudioVersion = 12.0.31101.0
MinimumVisualStudioVersion = 10.0.40219.1
Project("{FAE04EC0-301F-11D3-BF4B-00C04F79EFBC}") = "Client", "Client\Client.csproj", "{5EB318F2-5D33-4625-B4C9-2A5952E256CF}"
EndProject
Project("{FAE04EC0-301F-11D3-BF4B-00C04F79EFBC}") = "Server", "Server\Server.csproj", "{130058FA-0373-41E3-A24C-EF4DA5C2EDFD}"
EndProject
Global
	GlobalSection(SolutionConfigurationPlatforms) = preSolution
		Debug|Any CPU = Debug|Any CPU
		Release|Any CPU = Release|Any CPU
	EndGlobalSection
	GlobalSection(ProjectConfigurationPlatforms) = postSolution
		{5EB318F2-5D33-4625-B4C9-2A5952E256CF}.Debug|Any CPU.ActiveCfg = Debug|Any CPU
		{5EB318F2-5D33-4625-B4C9-2A5952E256CF}.Debug|Any CPU.Build.0 = Debug|Any CPU
		{5EB318F2-5D33-4625-B4C9-2A5952E256CF}.Release|Any CPU.ActiveCfg = Release|Any CPU
		{5EB318F2-5D33-4625-B4C9-2A5952E256CF}.Release|Any CPU.Build.0 = Release|Any CPU
		{130058FA-0373-41E3-A24C-EF4DA5C2EDFD}.Debug|Any CPU.ActiveCfg = Debug|Any CPU
		{130058FA-0373-41E3-A24C-EF4DA5C2EDFD}.Debug|Any CPU.Build.0 = Debug|Any CPU
		{130058FA-0373-41E3-A24C-EF4DA5C2EDFD}.Release|Any CPU.ActiveCfg = Release|Any CPU
		{130058FA-0373-41E3-A24C-EF4DA5C2EDFD}.Release|Any CPU.Build.0 = Release|Any CPU
	EndGlobalSection
	GlobalSection(SolutionProperties) = preSolution
		HideSolutionNode = FALSE
	EndGlobalSection
EndGlobal
