
Microsoft Visual Studio Solution File, Format Version 12.00
# Visual Studio 2013
VisualStudioVersion = 12.0.31101.0
MinimumVisualStudioVersion = 10.0.40219.1
Project("{FAE04EC0-301F-11D3-BF4B-00C04F79EFBC}") = "Server", "Server\Server.csproj", "{C23A74B3-E981-4D17-8C6D-D559F8F227E1}"
EndProject
Project("{FAE04EC0-301F-11D3-BF4B-00C04F79EFBC}") = "Client", "Client\Client.csproj", "{AD24BA5D-6C22-461F-8671-E6C852C9FC98}"
EndProject
Global
	GlobalSection(SolutionConfigurationPlatforms) = preSolution
		Debug|Any CPU = Debug|Any CPU
		Release|Any CPU = Release|Any CPU
	EndGlobalSection
	GlobalSection(ProjectConfigurationPlatforms) = postSolution
		{C23A74B3-E981-4D17-8C6D-D559F8F227E1}.Debug|Any CPU.ActiveCfg = Debug|Any CPU
		{C23A74B3-E981-4D17-8C6D-D559F8F227E1}.Debug|Any CPU.Build.0 = Debug|Any CPU
		{C23A74B3-E981-4D17-8C6D-D559F8F227E1}.Release|Any CPU.ActiveCfg = Release|Any CPU
		{C23A74B3-E981-4D17-8C6D-D559F8F227E1}.Release|Any CPU.Build.0 = Release|Any CPU
		{AD24BA5D-6C22-461F-8671-E6C852C9FC98}.Debug|Any CPU.ActiveCfg = Debug|Any CPU
		{AD24BA5D-6C22-461F-8671-E6C852C9FC98}.Debug|Any CPU.Build.0 = Debug|Any CPU
		{AD24BA5D-6C22-461F-8671-E6C852C9FC98}.Release|Any CPU.ActiveCfg = Release|Any CPU
		{AD24BA5D-6C22-461F-8671-E6C852C9FC98}.Release|Any CPU.Build.0 = Release|Any CPU
	EndGlobalSection
	GlobalSection(SolutionProperties) = preSolution
		HideSolutionNode = FALSE
	EndGlobalSection
EndGlobal
