
Microsoft Visual Studio Solution File, Format Version 12.00
# Visual Studio 2013
VisualStudioVersion = 12.0.31101.0
MinimumVisualStudioVersion = 10.0.40219.1
Project("{2150E333-8FDC-42A3-9474-1A3956D46DE8}") = ".nuget", ".nuget", "{7326D5A6-1FD2-421C-A9AC-0C4B2C978CC0}"
	ProjectSection(SolutionItems) = preProject
		.nuget\NuGet.Config = .nuget\NuGet.Config
		.nuget\NuGet.exe = .nuget\NuGet.exe
		.nuget\NuGet.targets = .nuget\NuGet.targets
	EndProjectSection
EndProject
Project("{FAE04EC0-301F-11D3-BF4B-00C04F79EFBC}") = "Http", "mGetLibrary\Http.csproj", "{6FBE896F-9CBD-4E22-898B-C38CE8D9A3D8}"
EndProject
Project("{FAE04EC0-301F-11D3-BF4B-00C04F79EFBC}") = "mGet", "mGetUI\mGet.csproj", "{020DCFDE-2621-4196-A37B-71F43431F278}"
EndProject
Project("{FAE04EC0-301F-11D3-BF4B-00C04F79EFBC}") = "Shared", "Shared\Shared.csproj", "{CECF4D0C-7E3E-4229-88FA-A64CEC0F79D7}"
EndProject
Project("{FAE04EC0-301F-11D3-BF4B-00C04F79EFBC}") = "UnitTestProject", "UnitTestProject\UnitTestProject.csproj", "{3169E083-05AA-4B29-9DB2-4A09F1948A8D}"
EndProject
Project("{FAE04EC0-301F-11D3-BF4B-00C04F79EFBC}") = "ConnectionManager", "ConnectionManager\ConnectionManager.csproj", "{C39ABD47-6DB8-427D-B6B1-D1FE4204DEB9}"
EndProject
Global
	GlobalSection(SolutionConfigurationPlatforms) = preSolution
		Debug|Any CPU = Debug|Any CPU
		Release|Any CPU = Release|Any CPU
	EndGlobalSection
	GlobalSection(ProjectConfigurationPlatforms) = postSolution
		{6FBE896F-9CBD-4E22-898B-C38CE8D9A3D8}.Debug|Any CPU.ActiveCfg = Debug|Any CPU
		{6FBE896F-9CBD-4E22-898B-C38CE8D9A3D8}.Debug|Any CPU.Build.0 = Debug|Any CPU
		{6FBE896F-9CBD-4E22-898B-C38CE8D9A3D8}.Release|Any CPU.ActiveCfg = Release|Any CPU
		{6FBE896F-9CBD-4E22-898B-C38CE8D9A3D8}.Release|Any CPU.Build.0 = Release|Any CPU
		{020DCFDE-2621-4196-A37B-71F43431F278}.Debug|Any CPU.ActiveCfg = Debug|Any CPU
		{020DCFDE-2621-4196-A37B-71F43431F278}.Debug|Any CPU.Build.0 = Debug|Any CPU
		{020DCFDE-2621-4196-A37B-71F43431F278}.Release|Any CPU.ActiveCfg = Release|Any CPU
		{020DCFDE-2621-4196-A37B-71F43431F278}.Release|Any CPU.Build.0 = Release|Any CPU
		{CECF4D0C-7E3E-4229-88FA-A64CEC0F79D7}.Debug|Any CPU.ActiveCfg = Debug|Any CPU
		{CECF4D0C-7E3E-4229-88FA-A64CEC0F79D7}.Debug|Any CPU.Build.0 = Debug|Any CPU
		{CECF4D0C-7E3E-4229-88FA-A64CEC0F79D7}.Release|Any CPU.ActiveCfg = Release|Any CPU
		{CECF4D0C-7E3E-4229-88FA-A64CEC0F79D7}.Release|Any CPU.Build.0 = Release|Any CPU
		{3169E083-05AA-4B29-9DB2-4A09F1948A8D}.Debug|Any CPU.ActiveCfg = Debug|Any CPU
		{3169E083-05AA-4B29-9DB2-4A09F1948A8D}.Debug|Any CPU.Build.0 = Debug|Any CPU
		{3169E083-05AA-4B29-9DB2-4A09F1948A8D}.Release|Any CPU.ActiveCfg = Release|Any CPU
		{3169E083-05AA-4B29-9DB2-4A09F1948A8D}.Release|Any CPU.Build.0 = Release|Any CPU
		{C39ABD47-6DB8-427D-B6B1-D1FE4204DEB9}.Debug|Any CPU.ActiveCfg = Debug|Any CPU
		{C39ABD47-6DB8-427D-B6B1-D1FE4204DEB9}.Debug|Any CPU.Build.0 = Debug|Any CPU
		{C39ABD47-6DB8-427D-B6B1-D1FE4204DEB9}.Release|Any CPU.ActiveCfg = Release|Any CPU
		{C39ABD47-6DB8-427D-B6B1-D1FE4204DEB9}.Release|Any CPU.Build.0 = Release|Any CPU
	EndGlobalSection
	GlobalSection(SolutionProperties) = preSolution
		HideSolutionNode = FALSE
	EndGlobalSection
EndGlobal
